
Microsoft Visual Studio Solution File, Format Version 12.00
# Visual Studio Version 17
VisualStudioVersion = 17.3.32929.385
MinimumVisualStudioVersion = 10.0.40219.1
Project("{9A19103F-16F7-4668-BE54-9A1E7A4F7556}") = "DeviceConsoleApp", "DeviceConsoleApp\DeviceConsoleApp.csproj", "{EDF9365F-6E01-42CF-B79B-E0763ABAC6A5}"
EndProject
Project("{9A19103F-16F7-4668-BE54-9A1E7A4F7556}") = "AzureFunctions", "AzureFunctions\AzureFunctions.csproj", "{A6530066-FBA3-4F44-B796-C2658D2FC1B3}"
EndProject
Project("{9A19103F-16F7-4668-BE54-9A1E7A4F7556}") = "Shared", "Shared\Shared.csproj", "{F2CDAD2D-A770-4264-9D8B-97F27F19F6DE}"
EndProject
Project("{9A19103F-16F7-4668-BE54-9A1E7A4F7556}") = "SmartApp", "SmartApp\SmartApp.csproj", "{28259622-45E0-436A-93E7-AB6F836DD1FA}"
EndProject
Project("{9A19103F-16F7-4668-BE54-9A1E7A4F7556}") = "DeviceIntelliFan", "DeviceIntelliFan\DeviceIntelliFan.csproj", "{129E651B-D7D1-44FD-B160-7967C3091822}"
EndProject
Global
	GlobalSection(SolutionConfigurationPlatforms) = preSolution
		Debug|Any CPU = Debug|Any CPU
		Release|Any CPU = Release|Any CPU
	EndGlobalSection
	GlobalSection(ProjectConfigurationPlatforms) = postSolution
		{EDF9365F-6E01-42CF-B79B-E0763ABAC6A5}.Debug|Any CPU.ActiveCfg = Debug|Any CPU
		{EDF9365F-6E01-42CF-B79B-E0763ABAC6A5}.Debug|Any CPU.Build.0 = Debug|Any CPU
		{EDF9365F-6E01-42CF-B79B-E0763ABAC6A5}.Release|Any CPU.ActiveCfg = Release|Any CPU
		{EDF9365F-6E01-42CF-B79B-E0763ABAC6A5}.Release|Any CPU.Build.0 = Release|Any CPU
		{A6530066-FBA3-4F44-B796-C2658D2FC1B3}.Debug|Any CPU.ActiveCfg = Debug|Any CPU
		{A6530066-FBA3-4F44-B796-C2658D2FC1B3}.Debug|Any CPU.Build.0 = Debug|Any CPU
		{A6530066-FBA3-4F44-B796-C2658D2FC1B3}.Release|Any CPU.ActiveCfg = Release|Any CPU
		{A6530066-FBA3-4F44-B796-C2658D2FC1B3}.Release|Any CPU.Build.0 = Release|Any CPU
		{F2CDAD2D-A770-4264-9D8B-97F27F19F6DE}.Debug|Any CPU.ActiveCfg = Debug|Any CPU
		{F2CDAD2D-A770-4264-9D8B-97F27F19F6DE}.Debug|Any CPU.Build.0 = Debug|Any CPU
		{F2CDAD2D-A770-4264-9D8B-97F27F19F6DE}.Release|Any CPU.ActiveCfg = Release|Any CPU
		{F2CDAD2D-A770-4264-9D8B-97F27F19F6DE}.Release|Any CPU.Build.0 = Release|Any CPU
		{28259622-45E0-436A-93E7-AB6F836DD1FA}.Debug|Any CPU.ActiveCfg = Debug|Any CPU
		{28259622-45E0-436A-93E7-AB6F836DD1FA}.Debug|Any CPU.Build.0 = Debug|Any CPU
		{28259622-45E0-436A-93E7-AB6F836DD1FA}.Release|Any CPU.ActiveCfg = Release|Any CPU
		{28259622-45E0-436A-93E7-AB6F836DD1FA}.Release|Any CPU.Build.0 = Release|Any CPU
		{129E651B-D7D1-44FD-B160-7967C3091822}.Debug|Any CPU.ActiveCfg = Debug|Any CPU
		{129E651B-D7D1-44FD-B160-7967C3091822}.Debug|Any CPU.Build.0 = Debug|Any CPU
		{129E651B-D7D1-44FD-B160-7967C3091822}.Release|Any CPU.ActiveCfg = Release|Any CPU
		{129E651B-D7D1-44FD-B160-7967C3091822}.Release|Any CPU.Build.0 = Release|Any CPU
	EndGlobalSection
	GlobalSection(SolutionProperties) = preSolution
		HideSolutionNode = FALSE
	EndGlobalSection
	GlobalSection(ExtensibilityGlobals) = postSolution
		SolutionGuid = {779FCF51-B146-486B-9CAE-DA15AA3FEBDD}
	EndGlobalSection
EndGlobal
